# This file is autogenerated, do not edit; changes may be undone by the next 'dep ensure'.


[[projects]]
  branch = "master"
  name = "maunium.net/go/mauflag"
  packages = ["."]
  revision = "8337821952ba5e919673bd62c502d43474e5e71d"

[[projects]]
  name = "maunium.net/go/maulogger"
  packages = ["."]
  revision = "64f0aa33b6c51313e15575257db71dec44fe7988"
  version = "v1.0"

[solve-meta]
  analyzer-name = "dep"
  analyzer-version = 1
  inputs-digest = "8f9068fc628bed36501d834d9280031796fd6ebfb44d1143d9183bbb1ff62606"
  solver-name = "gps-cdcl"
  solver-version = 1
